// !$*UTF8*$!
{
	archiveVersion = 1;
	classes = {
	};
	objectVersion = 50;
	objects = {

/* Begin PBXBuildFile section */
		F151603D23C64F3E0077CE47 /* AppDelegate.swift in Sources */ = {isa = PBXBuildFile; fileRef = F151603C23C64F3E0077CE47 /* AppDelegate.swift */; };
		F151603F23C64F3E0077CE47 /* SceneDelegate.swift in Sources */ = {isa = PBXBuildFile; fileRef = F151603E23C64F3E0077CE47 /* SceneDelegate.swift */; };
		F151604123C64F3E0077CE47 /* ContentView.swift in Sources */ = {isa = PBXBuildFile; fileRef = F151604023C64F3E0077CE47 /* ContentView.swift */; };
		F151604323C64F3F0077CE47 /* Assets.xcassets in Resources */ = {isa = PBXBuildFile; fileRef = F151604223C64F3F0077CE47 /* Assets.xcassets */; };
		F151604623C64F3F0077CE47 /* Preview Assets.xcassets in Resources */ = {isa = PBXBuildFile; fileRef = F151604523C64F3F0077CE47 /* Preview Assets.xcassets */; };
		F151604923C64F3F0077CE47 /* LaunchScreen.storyboard in Resources */ = {isa = PBXBuildFile; fileRef = F151604723C64F3F0077CE47 /* LaunchScreen.storyboard */; };
		F151605423C64F3F0077CE47 /* SliderAppTests.swift in Sources */ = {isa = PBXBuildFile; fileRef = F151605323C64F3F0077CE47 /* SliderAppTests.swift */; };
		F151605F23C64F3F0077CE47 /* SliderAppUITests.swift in Sources */ = {isa = PBXBuildFile; fileRef = F151605E23C64F3F0077CE47 /* SliderAppUITests.swift */; };
		F151606D23C668660077CE47 /* AppSubmitButton.swift in Sources */ = {isa = PBXBuildFile; fileRef = F151606C23C668660077CE47 /* AppSubmitButton.swift */; };
/* End PBXBuildFile section */

/* Begin PBXContainerItemProxy section */
		F151605023C64F3F0077CE47 /* PBXContainerItemProxy */ = {
			isa = PBXContainerItemProxy;
			containerPortal = F151603123C64F3E0077CE47 /* Project object */;
			proxyType = 1;
			remoteGlobalIDString = F151603823C64F3E0077CE47;
			remoteInfo = SliderApp;
		};
		F151605B23C64F3F0077CE47 /* PBXContainerItemProxy */ = {
			isa = PBXContainerItemProxy;
			containerPortal = F151603123C64F3E0077CE47 /* Project object */;
			proxyType = 1;
			remoteGlobalIDString = F151603823C64F3E0077CE47;
			remoteInfo = SliderApp;
		};
/* End PBXContainerItemProxy section */

/* Begin PBXFileReference section */
		F151603923C64F3E0077CE47 /* SliderApp.app */ = {isa = PBXFileReference; explicitFileType = wrapper.application; includeInIndex = 0; path = SliderApp.app; sourceTree = BUILT_PRODUCTS_DIR; };
		F151603C23C64F3E0077CE47 /* AppDelegate.swift */ = {isa = PBXFileReference; lastKnownFileType = sourcecode.swift; path = AppDelegate.swift; sourceTree = "<group>"; };
		F151603E23C64F3E0077CE47 /* SceneDelegate.swift */ = {isa = PBXFileReference; lastKnownFileType = sourcecode.swift; path = SceneDelegate.swift; sourceTree = "<group>"; };
		F151604023C64F3E0077CE47 /* ContentView.swift */ = {isa = PBXFileReference; lastKnownFileType = sourcecode.swift; path = ContentView.swift; sourceTree = "<group>"; };
		F151604223C64F3F0077CE47 /* Assets.xcassets */ = {isa = PBXFileReference; lastKnownFileType = folder.assetcatalog; path = Assets.xcassets; sourceTree = "<group>"; };
		F151604523C64F3F0077CE47 /* Preview Assets.xcassets */ = {isa = PBXFileReference; lastKnownFileType = folder.assetcatalog; path = "Preview Assets.xcassets"; sourceTree = "<group>"; };
		F151604823C64F3F0077CE47 /* Base */ = {isa = PBXFileReference; lastKnownFileType = file.storyboard; name = Base; path = Base.lproj/LaunchScreen.storyboard; sourceTree = "<group>"; };
		F151604A23C64F3F0077CE47 /* Info.plist */ = {isa = PBXFileReference; lastKnownFileType = text.plist.xml; path = Info.plist; sourceTree = "<group>"; };
		F151604F23C64F3F0077CE47 /* SliderAppTests.xctest */ = {isa = PBXFileReference; explicitFileType = wrapper.cfbundle; includeInIndex = 0; path = SliderAppTests.xctest; sourceTree = BUILT_PRODUCTS_DIR; };
		F151605323C64F3F0077CE47 /* SliderAppTests.swift */ = {isa = PBXFileReference; lastKnownFileType = sourcecode.swift; path = SliderAppTests.swift; sourceTree = "<group>"; };
		F151605523C64F3F0077CE47 /* Info.plist */ = {isa = PBXFileReference; lastKnownFileType = text.plist.xml; path = Info.plist; sourceTree = "<group>"; };
		F151605A23C64F3F0077CE47 /* SliderAppUITests.xctest */ = {isa = PBXFileReference; explicitFileType = wrapper.cfbundle; includeInIndex = 0; path = SliderAppUITests.xctest; sourceTree = BUILT_PRODUCTS_DIR; };
		F151605E23C64F3F0077CE47 /* SliderAppUITests.swift */ = {isa = PBXFileReference; lastKnownFileType = sourcecode.swift; path = SliderAppUITests.swift; sourceTree = "<group>"; };
		F151606023C64F3F0077CE47 /* Info.plist */ = {isa = PBXFileReference; lastKnownFileType = text.plist.xml; path = Info.plist; sourceTree = "<group>"; };
		F151606C23C668660077CE47 /* AppSubmitButton.swift */ = {isa = PBXFileReference; lastKnownFileType = sourcecode.swift; path = AppSubmitButton.swift; sourceTree = "<group>"; };
/* End PBXFileReference section */

/* Begin PBXFrameworksBuildPhase section */
		F151603623C64F3E0077CE47 /* Frameworks */ = {
			isa = PBXFrameworksBuildPhase;
			buildActionMask = 2147483647;
			files = (
			);
			runOnlyForDeploymentPostprocessing = 0;
		};
		F151604C23C64F3F0077CE47 /* Frameworks */ = {
			isa = PBXFrameworksBuildPhase;
			buildActionMask = 2147483647;
			files = (
			);
			runOnlyForDeploymentPostprocessing = 0;
		};
		F151605723C64F3F0077CE47 /* Frameworks */ = {
			isa = PBXFrameworksBuildPhase;
			buildActionMask = 2147483647;
			files = (
			);
			runOnlyForDeploymentPostprocessing = 0;
		};
/* End PBXFrameworksBuildPhase section */

/* Begin PBXGroup section */
		F151603023C64F3E0077CE47 = {
			isa = PBXGroup;
			children = (
				F151603B23C64F3E0077CE47 /* SliderApp */,
				F151605223C64F3F0077CE47 /* SliderAppTests */,
				F151605D23C64F3F0077CE47 /* SliderAppUITests */,
				F151603A23C64F3E0077CE47 /* Products */,
			);
			sourceTree = "<group>";
		};
		F151603A23C64F3E0077CE47 /* Products */ = {
			isa = PBXGroup;
			children = (
				F151603923C64F3E0077CE47 /* SliderApp.app */,
				F151604F23C64F3F0077CE47 /* SliderAppTests.xctest */,
				F151605A23C64F3F0077CE47 /* SliderAppUITests.xctest */,
			);
			name = Products;
			sourceTree = "<group>";
		};
		F151603B23C64F3E0077CE47 /* SliderApp */ = {
			isa = PBXGroup;
			children = (
				F151603C23C64F3E0077CE47 /* AppDelegate.swift */,
				F151603E23C64F3E0077CE47 /* SceneDelegate.swift */,
				F151604023C64F3E0077CE47 /* ContentView.swift */,
				F151606C23C668660077CE47 /* AppSubmitButton.swift */,
				F151604223C64F3F0077CE47 /* Assets.xcassets */,
				F151604723C64F3F0077CE47 /* LaunchScreen.storyboard */,
				F151604A23C64F3F0077CE47 /* Info.plist */,
				F151604423C64F3F0077CE47 /* Preview Content */,
			);
			path = SliderApp;
			sourceTree = "<group>";
		};
		F151604423C64F3F0077CE47 /* Preview Content */ = {
			isa = PBXGroup;
			children = (
				F151604523C64F3F0077CE47 /* Preview Assets.xcassets */,
			);
			path = "Preview Content";
			sourceTree = "<group>";
		};
		F151605223C64F3F0077CE47 /* SliderAppTests */ = {
			isa = PBXGroup;
			children = (
				F151605323C64F3F0077CE47 /* SliderAppTests.swift */,
				F151605523C64F3F0077CE47 /* Info.plist */,
			);
			path = SliderAppTests;
			sourceTree = "<group>";
		};
		F151605D23C64F3F0077CE47 /* SliderAppUITests */ = {
			isa = PBXGroup;
			children = (
				F151605E23C64F3F0077CE47 /* SliderAppUITests.swift */,
				F151606023C64F3F0077CE47 /* Info.plist */,
			);
			path = SliderAppUITests;
			sourceTree = "<group>";
		};
/* End PBXGroup section */

/* Begin PBXNativeTarget section */
		F151603823C64F3E0077CE47 /* SliderApp */ = {
			isa = PBXNativeTarget;
			buildConfigurationList = F151606323C64F3F0077CE47 /* Build configuration list for PBXNativeTarget "SliderApp" */;
			buildPhases = (
				F151603523C64F3E0077CE47 /* Sources */,
				F151603623C64F3E0077CE47 /* Frameworks */,
				F151603723C64F3E0077CE47 /* Resources */,
			);
			buildRules = (
			);
			dependencies = (
			);
			name = SliderApp;
			productName = SliderApp;
			productReference = F151603923C64F3E0077CE47 /* SliderApp.app */;
			productType = "com.apple.product-type.application";
		};
		F151604E23C64F3F0077CE47 /* SliderAppTests */ = {
			isa = PBXNativeTarget;
			buildConfigurationList = F151606623C64F3F0077CE47 /* Build configuration list for PBXNativeTarget "SliderAppTests" */;
			buildPhases = (
				F151604B23C64F3F0077CE47 /* Sources */,
				F151604C23C64F3F0077CE47 /* Frameworks */,
				F151604D23C64F3F0077CE47 /* Resources */,
			);
			buildRules = (
			);
			dependencies = (
				F151605123C64F3F0077CE47 /* PBXTargetDependency */,
			);
			name = SliderAppTests;
			productName = SliderAppTests;
			productReference = F151604F23C64F3F0077CE47 /* SliderAppTests.xctest */;
			productType = "com.apple.product-type.bundle.unit-test";
		};
		F151605923C64F3F0077CE47 /* SliderAppUITests */ = {
			isa = PBXNativeTarget;
			buildConfigurationList = F151606923C64F3F0077CE47 /* Build configuration list for PBXNativeTarget "SliderAppUITests" */;
			buildPhases = (
				F151605623C64F3F0077CE47 /* Sources */,
				F151605723C64F3F0077CE47 /* Frameworks */,
				F151605823C64F3F0077CE47 /* Resources */,
			);
			buildRules = (
			);
			dependencies = (
				F151605C23C64F3F0077CE47 /* PBXTargetDependency */,
			);
			name = SliderAppUITests;
			productName = SliderAppUITests;
			productReference = F151605A23C64F3F0077CE47 /* SliderAppUITests.xctest */;
			productType = "com.apple.product-type.bundle.ui-testing";
		};
/* End PBXNativeTarget section */

/* Begin PBXProject section */
		F151603123C64F3E0077CE47 /* Project object */ = {
			isa = PBXProject;
			attributes = {
				LastSwiftUpdateCheck = 1130;
				LastUpgradeCheck = 1130;
				ORGANIZATIONNAME = "Vinícius Schuck";
				TargetAttributes = {
					F151603823C64F3E0077CE47 = {
						CreatedOnToolsVersion = 11.3;
					};
					F151604E23C64F3F0077CE47 = {
						CreatedOnToolsVersion = 11.3;
						TestTargetID = F151603823C64F3E0077CE47;
					};
					F151605923C64F3F0077CE47 = {
						CreatedOnToolsVersion = 11.3;
						TestTargetID = F151603823C64F3E0077CE47;
					};
				};
			};
			buildConfigurationList = F151603423C64F3E0077CE47 /* Build configuration list for PBXProject "SliderApp" */;
			compatibilityVersion = "Xcode 9.3";
			developmentRegion = en;
			hasScannedForEncodings = 0;
			knownRegions = (
				en,
				Base,
			);
			mainGroup = F151603023C64F3E0077CE47;
			productRefGroup = F151603A23C64F3E0077CE47 /* Products */;
			projectDirPath = "";
			projectRoot = "";
			targets = (
				F151603823C64F3E0077CE47 /* SliderApp */,
				F151604E23C64F3F0077CE47 /* SliderAppTests */,
				F151605923C64F3F0077CE47 /* SliderAppUITests */,
			);
		};
/* End PBXProject section */

/* Begin PBXResourcesBuildPhase section */
		F151603723C64F3E0077CE47 /* Resources */ = {
			isa = PBXResourcesBuildPhase;
			buildActionMask = 2147483647;
			files = (
				F151604923C64F3F0077CE47 /* LaunchScreen.storyboard in Resources */,
				F151604623C64F3F0077CE47 /* Preview Assets.xcassets in Resources */,
				F151604323C64F3F0077CE47 /* Assets.xcassets in Resources */,
			);
			runOnlyForDeploymentPostprocessing = 0;
		};
		F151604D23C64F3F0077CE47 /* Resources */ = {
			isa = PBXResourcesBuildPhase;
			buildActionMask = 2147483647;
			files = (
			);
			runOnlyForDeploymentPostprocessing = 0;
		};
		F151605823C64F3F0077CE47 /* Resources */ = {
			isa = PBXResourcesBuildPhase;
			buildActionMask = 2147483647;
			files = (
			);
			runOnlyForDeploymentPostprocessing = 0;
		};
/* End PBXResourcesBuildPhase section */

/* Begin PBXSourcesBuildPhase section */
		F151603523C64F3E0077CE47 /* Sources */ = {
			isa = PBXSourcesBuildPhase;
			buildActionMask = 2147483647;
			files = (
				F151603D23C64F3E0077CE47 /* AppDelegate.swift in Sources */,
				F151606D23C668660077CE47 /* AppSubmitButton.swift in Sources */,
				F151603F23C64F3E0077CE47 /* SceneDelegate.swift in Sources */,
				F151604123C64F3E0077CE47 /* ContentView.swift in Sources */,
			);
			runOnlyForDeploymentPostprocessing = 0;
		};
		F151604B23C64F3F0077CE47 /* Sources */ = {
			isa = PBXSourcesBuildPhase;
			buildActionMask = 2147483647;
			files = (
				F151605423C64F3F0077CE47 /* SliderAppTests.swift in Sources */,
			);
			runOnlyForDeploymentPostprocessing = 0;
		};
		F151605623C64F3F0077CE47 /* Sources */ = {
			isa = PBXSourcesBuildPhase;
			buildActionMask = 2147483647;
			files = (
				F151605F23C64F3F0077CE47 /* SliderAppUITests.swift in Sources */,
			);
			runOnlyForDeploymentPostprocessing = 0;
		};
/* End PBXSourcesBuildPhase section */

/* Begin PBXTargetDependency section */
		F151605123C64F3F0077CE47 /* PBXTargetDependency */ = {
			isa = PBXTargetDependency;
			target = F151603823C64F3E0077CE47 /* SliderApp */;
			targetProxy = F151605023C64F3F0077CE47 /* PBXContainerItemProxy */;
		};
		F151605C23C64F3F0077CE47 /* PBXTargetDependency */ = {
			isa = PBXTargetDependency;
			target = F151603823C64F3E0077CE47 /* SliderApp */;
			targetProxy = F151605B23C64F3F0077CE47 /* PBXContainerItemProxy */;
		};
/* End PBXTargetDependency section */

/* Begin PBXVariantGroup section */
		F151604723C64F3F0077CE47 /* LaunchScreen.storyboard */ = {
			isa = PBXVariantGroup;
			children = (
				F151604823C64F3F0077CE47 /* Base */,
			);
			name = LaunchScreen.storyboard;
			sourceTree = "<group>";
		};
/* End PBXVariantGroup section */

/* Begin XCBuildConfiguration section */
		F151606123C64F3F0077CE47 /* Debug */ = {
			isa = XCBuildConfiguration;
			buildSettings = {
				ALWAYS_SEARCH_USER_PATHS = NO;
				CLANG_ANALYZER_NONNULL = YES;
				CLANG_ANALYZER_NUMBER_OBJECT_CONVERSION = YES_AGGRESSIVE;
				CLANG_CXX_LANGUAGE_STANDARD = "gnu++14";
				CLANG_CXX_LIBRARY = "libc++";
				CLANG_ENABLE_MODULES = YES;
				CLANG_ENABLE_OBJC_ARC = YES;
				CLANG_ENABLE_OBJC_WEAK = YES;
				CLANG_WARN_BLOCK_CAPTURE_AUTORELEASING = YES;
				CLANG_WARN_BOOL_CONVERSION = YES;
				CLANG_WARN_COMMA = YES;
				CLANG_WARN_CONSTANT_CONVERSION = YES;
				CLANG_WARN_DEPRECATED_OBJC_IMPLEMENTATIONS = YES;
				CLANG_WARN_DIRECT_OBJC_ISA_USAGE = YES_ERROR;
				CLANG_WARN_DOCUMENTATION_COMMENTS = YES;
				CLANG_WARN_EMPTY_BODY = YES;
				CLANG_WARN_ENUM_CONVERSION = YES;
				CLANG_WARN_INFINITE_RECURSION = YES;
				CLANG_WARN_INT_CONVERSION = YES;
				CLANG_WARN_NON_LITERAL_NULL_CONVERSION = YES;
				CLANG_WARN_OBJC_IMPLICIT_RETAIN_SELF = YES;
				CLANG_WARN_OBJC_LITERAL_CONVERSION = YES;
				CLANG_WARN_OBJC_ROOT_CLASS = YES_ERROR;
				CLANG_WARN_RANGE_LOOP_ANALYSIS = YES;
				CLANG_WARN_STRICT_PROTOTYPES = YES;
				CLANG_WARN_SUSPICIOUS_MOVE = YES;
				CLANG_WARN_UNGUARDED_AVAILABILITY = YES_AGGRESSIVE;
				CLANG_WARN_UNREACHABLE_CODE = YES;
				CLANG_WARN__DUPLICATE_METHOD_MATCH = YES;
				COPY_PHASE_STRIP = NO;
				DEBUG_INFORMATION_FORMAT = dwarf;
				ENABLE_STRICT_OBJC_MSGSEND = YES;
				ENABLE_TESTABILITY = YES;
				GCC_C_LANGUAGE_STANDARD = gnu11;
				GCC_DYNAMIC_NO_PIC = NO;
				GCC_NO_COMMON_BLOCKS = YES;
				GCC_OPTIMIZATION_LEVEL = 0;
				GCC_PREPROCESSOR_DEFINITIONS = (
					"DEBUG=1",
					"$(inherited)",
				);
				GCC_WARN_64_TO_32_BIT_CONVERSION = YES;
				GCC_WARN_ABOUT_RETURN_TYPE = YES_ERROR;
				GCC_WARN_UNDECLARED_SELECTOR = YES;
				GCC_WARN_UNINITIALIZED_AUTOS = YES_AGGRESSIVE;
				GCC_WARN_UNUSED_FUNCTION = YES;
				GCC_WARN_UNUSED_VARIABLE = YES;
				IPHONEOS_DEPLOYMENT_TARGET = 13.2;
				MTL_ENABLE_DEBUG_INFO = INCLUDE_SOURCE;
				MTL_FAST_MATH = YES;
				ONLY_ACTIVE_ARCH = YES;
				SDKROOT = iphoneos;
				SWIFT_ACTIVE_COMPILATION_CONDITIONS = DEBUG;
				SWIFT_OPTIMIZATION_LEVEL = "-Onone";
			};
			name = Debug;
		};
		F151606223C64F3F0077CE47 /* Release */ = {
			isa = XCBuildConfiguration;
			buildSettings = {
				ALWAYS_SEARCH_USER_PATHS = NO;
				CLANG_ANALYZER_NONNULL = YES;
				CLANG_ANALYZER_NUMBER_OBJECT_CONVERSION = YES_AGGRESSIVE;
				CLANG_CXX_LANGUAGE_STANDARD = "gnu++14";
				CLANG_CXX_LIBRARY = "libc++";
				CLANG_ENABLE_MODULES = YES;
				CLANG_ENABLE_OBJC_ARC = YES;
				CLANG_ENABLE_OBJC_WEAK = YES;
				CLANG_WARN_BLOCK_CAPTURE_AUTORELEASING = YES;
				CLANG_WARN_BOOL_CONVERSION = YES;
				CLANG_WARN_COMMA = YES;
				CLANG_WARN_CONSTANT_CONVERSION = YES;
				CLANG_WARN_DEPRECATED_OBJC_IMPLEMENTATIONS = YES;
				CLANG_WARN_DIRECT_OBJC_ISA_USAGE = YES_ERROR;
				CLANG_WARN_DOCUMENTATION_COMMENTS = YES;
				CLANG_WARN_EMPTY_BODY = YES;
				CLANG_WARN_ENUM_CONVERSION = YES;
				CLANG_WARN_INFINITE_RECURSION = YES;
				CLANG_WARN_INT_CONVERSION = YES;
				CLANG_WARN_NON_LITERAL_NULL_CONVERSION = YES;
				CLANG_WARN_OBJC_IMPLICIT_RETAIN_SELF = YES;
				CLANG_WARN_OBJC_LITERAL_CONVERSION = YES;
				CLANG_WARN_OBJC_ROOT_CLASS = YES_ERROR;
				CLANG_WARN_RANGE_LOOP_ANALYSIS = YES;
				CLANG_WARN_STRICT_PROTOTYPES = YES;
				CLANG_WARN_SUSPICIOUS_MOVE = YES;
				CLANG_WARN_UNGUARDED_AVAILABILITY = YES_AGGRESSIVE;
				CLANG_WARN_UNREACHABLE_CODE = YES;
				CLANG_WARN__DUPLICATE_METHOD_MATCH = YES;
				COPY_PHASE_STRIP = NO;
				DEBUG_INFORMATION_FORMAT = "dwarf-with-dsym";
				ENABLE_NS_ASSERTIONS = NO;
				ENABLE_STRICT_OBJC_MSGSEND = YES;
				GCC_C_LANGUAGE_STANDARD = gnu11;
				GCC_NO_COMMON_BLOCKS = YES;
				GCC_WARN_64_TO_32_BIT_CONVERSION = YES;
				GCC_WARN_ABOUT_RETURN_TYPE = YES_ERROR;
				GCC_WARN_UNDECLARED_SELECTOR = YES;
				GCC_WARN_UNINITIALIZED_AUTOS = YES_AGGRESSIVE;
				GCC_WARN_UNUSED_FUNCTION = YES;
				GCC_WARN_UNUSED_VARIABLE = YES;
				IPHONEOS_DEPLOYMENT_TARGET = 13.2;
				MTL_ENABLE_DEBUG_INFO = NO;
				MTL_FAST_MATH = YES;
				SDKROOT = iphoneos;
				SWIFT_COMPILATION_MODE = wholemodule;
				SWIFT_OPTIMIZATION_LEVEL = "-O";
				VALIDATE_PRODUCT = YES;
			};
			name = Release;
		};
		F151606423C64F3F0077CE47 /* Debug */ = {
			isa = XCBuildConfiguration;
			buildSettings = {
				ASSETCATALOG_COMPILER_APPICON_NAME = AppIcon;
				CODE_SIGN_STYLE = Automatic;
				DEVELOPMENT_ASSET_PATHS = "\"SliderApp/Preview Content\"";
				ENABLE_PREVIEWS = YES;
				INFOPLIST_FILE = SliderApp/Info.plist;
				LD_RUNPATH_SEARCH_PATHS = (
					"$(inherited)",
					"@executable_path/Frameworks",
				);
				PRODUCT_BUNDLE_IDENTIFIER = com.developer.SliderApp;
				PRODUCT_NAME = "$(TARGET_NAME)";
				SWIFT_VERSION = 5.0;
				TARGETED_DEVICE_FAMILY = "1,2";
			};
			name = Debug;
		};
		F151606523C64F3F0077CE47 /* Release */ = {
			isa = XCBuildConfiguration;
			buildSettings = {
				ASSETCATALOG_COMPILER_APPICON_NAME = AppIcon;
				CODE_SIGN_STYLE = Automatic;
				DEVELOPMENT_ASSET_PATHS = "\"SliderApp/Preview Content\"";
				ENABLE_PREVIEWS = YES;
				INFOPLIST_FILE = SliderApp/Info.plist;
				LD_RUNPATH_SEARCH_PATHS = (
					"$(inherited)",
					"@executable_path/Frameworks",
				);
				PRODUCT_BUNDLE_IDENTIFIER = com.developer.SliderApp;
				PRODUCT_NAME = "$(TARGET_NAME)";
				SWIFT_VERSION = 5.0;
				TARGETED_DEVICE_FAMILY = "1,2";
			};
			name = Release;
		};
		F151606723C64F3F0077CE47 /* Debug */ = {
			isa = XCBuildConfiguration;
			buildSettings = {
				ALWAYS_EMBED_SWIFT_STANDARD_LIBRARIES = YES;
				BUNDLE_LOADER = "$(TEST_HOST)";
				CODE_SIGN_STYLE = Automatic;
				INFOPLIST_FILE = SliderAppTests/Info.plist;
				IPHONEOS_DEPLOYMENT_TARGET = 13.2;
				LD_RUNPATH_SEARCH_PATHS = (
					"$(inherited)",
					"@executable_path/Frameworks",
					"@loader_path/Frameworks",
				);
				PRODUCT_BUNDLE_IDENTIFIER = com.developer.SliderAppTests;
				PRODUCT_NAME = "$(TARGET_NAME)";
				SWIFT_VERSION = 5.0;
				TARGETED_DEVICE_FAMILY = "1,2";
				TEST_HOST = "$(BUILT_PRODUCTS_DIR)/SliderApp.app/SliderApp";
			};
			name = Debug;
		};
		F151606823C64F3F0077CE47 /* Release */ = {
			isa = XCBuildConfiguration;
			buildSettings = {
				ALWAYS_EMBED_SWIFT_STANDARD_LIBRARIES = YES;
				BUNDLE_LOADER = "$(TEST_HOST)";
				CODE_SIGN_STYLE = Automatic;
				INFOPLIST_FILE = SliderAppTests/Info.plist;
				IPHONEOS_DEPLOYMENT_TARGET = 13.2;
				LD_RUNPATH_SEARCH_PATHS = (
					"$(inherited)",
					"@executable_path/Frameworks",
					"@loader_path/Frameworks",
				);
				PRODUCT_BUNDLE_IDENTIFIER = com.developer.SliderAppTests;
				PRODUCT_NAME = "$(TARGET_NAME)";
				SWIFT_VERSION = 5.0;
				TARGETED_DEVICE_FAMILY = "1,2";
				TEST_HOST = "$(BUILT_PRODUCTS_DIR)/SliderApp.app/SliderApp";
			};
			name = Release;
		};
		F151606A23C64F3F0077CE47 /* Debug */ = {
			isa = XCBuildConfiguration;
			buildSettings = {
				ALWAYS_EMBED_SWIFT_STANDARD_LIBRARIES = YES;
				CODE_SIGN_STYLE = Automatic;
				INFOPLIST_FILE = SliderAppUITests/Info.plist;
				LD_RUNPATH_SEARCH_PATHS = (
					"$(inherited)",
					"@executable_path/Frameworks",
					"@loader_path/Frameworks",
				);
				PRODUCT_BUNDLE_IDENTIFIER = com.developer.SliderAppUITests;
				PRODUCT_NAME = "$(TARGET_NAME)";
				SWIFT_VERSION = 5.0;
				TARGETED_DEVICE_FAMILY = "1,2";
				TEST_TARGET_NAME = SliderApp;
			};
			name = Debug;
		};
		F151606B23C64F3F0077CE47 /* Release */ = {
			isa = XCBuildConfiguration;
			buildSettings = {
				ALWAYS_EMBED_SWIFT_STANDARD_LIBRARIES = YES;
				CODE_SIGN_STYLE = Automatic;
				INFOPLIST_FILE = SliderAppUITests/Info.plist;
				LD_RUNPATH_SEARCH_PATHS = (
					"$(inherited)",
					"@executable_path/Frameworks",
					"@loader_path/Frameworks",
				);
				PRODUCT_BUNDLE_IDENTIFIER = com.developer.SliderAppUITests;
				PRODUCT_NAME = "$(TARGET_NAME)";
				SWIFT_VERSION = 5.0;
				TARGETED_DEVICE_FAMILY = "1,2";
				TEST_TARGET_NAME = SliderApp;
			};
			name = Release;
		};
/* End XCBuildConfiguration section */

/* Begin XCConfigurationList section */
		F151603423C64F3E0077CE47 /* Build configuration list for PBXProject "SliderApp" */ = {
			isa = XCConfigurationList;
			buildConfigurations = (
				F151606123C64F3F0077CE47 /* Debug */,
				F151606223C64F3F0077CE47 /* Release */,
			);
			defaultConfigurationIsVisible = 0;
			defaultConfigurationName = Release;
		};
		F151606323C64F3F0077CE47 /* Build configuration list for PBXNativeTarget "SliderApp" */ = {
			isa = XCConfigurationList;
			buildConfigurations = (
				F151606423C64F3F0077CE47 /* Debug */,
				F151606523C64F3F0077CE47 /* Release */,
			);
			defaultConfigurationIsVisible = 0;
			defaultConfigurationName = Release;
		};
		F151606623C64F3F0077CE47 /* Build configuration list for PBXNativeTarget "SliderAppTests" */ = {
			isa = XCConfigurationList;
			buildConfigurations = (
				F151606723C64F3F0077CE47 /* Debug */,
				F151606823C64F3F0077CE47 /* Release */,
			);
			defaultConfigurationIsVisible = 0;
			defaultConfigurationName = Release;
		};
		F151606923C64F3F0077CE47 /* Build configuration list for PBXNativeTarget "SliderAppUITests" */ = {
			isa = XCConfigurationList;
			buildConfigurations = (
				F151606A23C64F3F0077CE47 /* Debug */,
				F151606B23C64F3F0077CE47 /* Release */,
			);
			defaultConfigurationIsVisible = 0;
			defaultConfigurationName = Release;
		};
/* End XCConfigurationList section */
	};
	rootObject = F151603123C64F3E0077CE47 /* Project object */;
}
