// !$*UTF8*$!
{
	archiveVersion = 1;
	classes = {
	};
	objectVersion = 50;
	objects = {

/* Begin PBXBuildFile section */
		F1515FC323C4F71F0077CE47 /* AppDelegate.swift in Sources */ = {isa = PBXBuildFile; fileRef = F1515FC223C4F71F0077CE47 /* AppDelegate.swift */; };
		F1515FC523C4F71F0077CE47 /* SceneDelegate.swift in Sources */ = {isa = PBXBuildFile; fileRef = F1515FC423C4F71F0077CE47 /* SceneDelegate.swift */; };
		F1515FC723C4F71F0077CE47 /* ContentView.swift in Sources */ = {isa = PBXBuildFile; fileRef = F1515FC623C4F71F0077CE47 /* ContentView.swift */; };
		F1515FC923C4F7210077CE47 /* Assets.xcassets in Resources */ = {isa = PBXBuildFile; fileRef = F1515FC823C4F7210077CE47 /* Assets.xcassets */; };
		F1515FCC23C4F7210077CE47 /* Preview Assets.xcassets in Resources */ = {isa = PBXBuildFile; fileRef = F1515FCB23C4F7210077CE47 /* Preview Assets.xcassets */; };
		F1515FCF23C4F7210077CE47 /* LaunchScreen.storyboard in Resources */ = {isa = PBXBuildFile; fileRef = F1515FCD23C4F7210077CE47 /* LaunchScreen.storyboard */; };
		F1515FDA23C4F7210077CE47 /* StoreAppTests.swift in Sources */ = {isa = PBXBuildFile; fileRef = F1515FD923C4F7210077CE47 /* StoreAppTests.swift */; };
		F1515FE523C4F7210077CE47 /* StoreAppUITests.swift in Sources */ = {isa = PBXBuildFile; fileRef = F1515FE423C4F7210077CE47 /* StoreAppUITests.swift */; };
/* End PBXBuildFile section */

/* Begin PBXContainerItemProxy section */
		F1515FD623C4F7210077CE47 /* PBXContainerItemProxy */ = {
			isa = PBXContainerItemProxy;
			containerPortal = F1515FB723C4F71F0077CE47 /* Project object */;
			proxyType = 1;
			remoteGlobalIDString = F1515FBE23C4F71F0077CE47;
			remoteInfo = StoreApp;
		};
		F1515FE123C4F7210077CE47 /* PBXContainerItemProxy */ = {
			isa = PBXContainerItemProxy;
			containerPortal = F1515FB723C4F71F0077CE47 /* Project object */;
			proxyType = 1;
			remoteGlobalIDString = F1515FBE23C4F71F0077CE47;
			remoteInfo = StoreApp;
		};
/* End PBXContainerItemProxy section */

/* Begin PBXFileReference section */
		F1515FBF23C4F71F0077CE47 /* StoreApp.app */ = {isa = PBXFileReference; explicitFileType = wrapper.application; includeInIndex = 0; path = StoreApp.app; sourceTree = BUILT_PRODUCTS_DIR; };
		F1515FC223C4F71F0077CE47 /* AppDelegate.swift */ = {isa = PBXFileReference; lastKnownFileType = sourcecode.swift; path = AppDelegate.swift; sourceTree = "<group>"; };
		F1515FC423C4F71F0077CE47 /* SceneDelegate.swift */ = {isa = PBXFileReference; lastKnownFileType = sourcecode.swift; path = SceneDelegate.swift; sourceTree = "<group>"; };
		F1515FC623C4F71F0077CE47 /* ContentView.swift */ = {isa = PBXFileReference; lastKnownFileType = sourcecode.swift; path = ContentView.swift; sourceTree = "<group>"; };
		F1515FC823C4F7210077CE47 /* Assets.xcassets */ = {isa = PBXFileReference; lastKnownFileType = folder.assetcatalog; path = Assets.xcassets; sourceTree = "<group>"; };
		F1515FCB23C4F7210077CE47 /* Preview Assets.xcassets */ = {isa = PBXFileReference; lastKnownFileType = folder.assetcatalog; path = "Preview Assets.xcassets"; sourceTree = "<group>"; };
		F1515FCE23C4F7210077CE47 /* Base */ = {isa = PBXFileReference; lastKnownFileType = file.storyboard; name = Base; path = Base.lproj/LaunchScreen.storyboard; sourceTree = "<group>"; };
		F1515FD023C4F7210077CE47 /* Info.plist */ = {isa = PBXFileReference; lastKnownFileType = text.plist.xml; path = Info.plist; sourceTree = "<group>"; };
		F1515FD523C4F7210077CE47 /* StoreAppTests.xctest */ = {isa = PBXFileReference; explicitFileType = wrapper.cfbundle; includeInIndex = 0; path = StoreAppTests.xctest; sourceTree = BUILT_PRODUCTS_DIR; };
		F1515FD923C4F7210077CE47 /* StoreAppTests.swift */ = {isa = PBXFileReference; lastKnownFileType = sourcecode.swift; path = StoreAppTests.swift; sourceTree = "<group>"; };
		F1515FDB23C4F7210077CE47 /* Info.plist */ = {isa = PBXFileReference; lastKnownFileType = text.plist.xml; path = Info.plist; sourceTree = "<group>"; };
		F1515FE023C4F7210077CE47 /* StoreAppUITests.xctest */ = {isa = PBXFileReference; explicitFileType = wrapper.cfbundle; includeInIndex = 0; path = StoreAppUITests.xctest; sourceTree = BUILT_PRODUCTS_DIR; };
		F1515FE423C4F7210077CE47 /* StoreAppUITests.swift */ = {isa = PBXFileReference; lastKnownFileType = sourcecode.swift; path = StoreAppUITests.swift; sourceTree = "<group>"; };
		F1515FE623C4F7210077CE47 /* Info.plist */ = {isa = PBXFileReference; lastKnownFileType = text.plist.xml; path = Info.plist; sourceTree = "<group>"; };
/* End PBXFileReference section */

/* Begin PBXFrameworksBuildPhase section */
		F1515FBC23C4F71F0077CE47 /* Frameworks */ = {
			isa = PBXFrameworksBuildPhase;
			buildActionMask = 2147483647;
			files = (
			);
			runOnlyForDeploymentPostprocessing = 0;
		};
		F1515FD223C4F7210077CE47 /* Frameworks */ = {
			isa = PBXFrameworksBuildPhase;
			buildActionMask = 2147483647;
			files = (
			);
			runOnlyForDeploymentPostprocessing = 0;
		};
		F1515FDD23C4F7210077CE47 /* Frameworks */ = {
			isa = PBXFrameworksBuildPhase;
			buildActionMask = 2147483647;
			files = (
			);
			runOnlyForDeploymentPostprocessing = 0;
		};
/* End PBXFrameworksBuildPhase section */

/* Begin PBXGroup section */
		F1515FB623C4F71F0077CE47 = {
			isa = PBXGroup;
			children = (
				F1515FC123C4F71F0077CE47 /* StoreApp */,
				F1515FD823C4F7210077CE47 /* StoreAppTests */,
				F1515FE323C4F7210077CE47 /* StoreAppUITests */,
				F1515FC023C4F71F0077CE47 /* Products */,
			);
			sourceTree = "<group>";
		};
		F1515FC023C4F71F0077CE47 /* Products */ = {
			isa = PBXGroup;
			children = (
				F1515FBF23C4F71F0077CE47 /* StoreApp.app */,
				F1515FD523C4F7210077CE47 /* StoreAppTests.xctest */,
				F1515FE023C4F7210077CE47 /* StoreAppUITests.xctest */,
			);
			name = Products;
			sourceTree = "<group>";
		};
		F1515FC123C4F71F0077CE47 /* StoreApp */ = {
			isa = PBXGroup;
			children = (
				F1515FC223C4F71F0077CE47 /* AppDelegate.swift */,
				F1515FC423C4F71F0077CE47 /* SceneDelegate.swift */,
				F1515FC623C4F71F0077CE47 /* ContentView.swift */,
				F1515FC823C4F7210077CE47 /* Assets.xcassets */,
				F1515FCD23C4F7210077CE47 /* LaunchScreen.storyboard */,
				F1515FD023C4F7210077CE47 /* Info.plist */,
				F1515FCA23C4F7210077CE47 /* Preview Content */,
			);
			path = StoreApp;
			sourceTree = "<group>";
		};
		F1515FCA23C4F7210077CE47 /* Preview Content */ = {
			isa = PBXGroup;
			children = (
				F1515FCB23C4F7210077CE47 /* Preview Assets.xcassets */,
			);
			path = "Preview Content";
			sourceTree = "<group>";
		};
		F1515FD823C4F7210077CE47 /* StoreAppTests */ = {
			isa = PBXGroup;
			children = (
				F1515FD923C4F7210077CE47 /* StoreAppTests.swift */,
				F1515FDB23C4F7210077CE47 /* Info.plist */,
			);
			path = StoreAppTests;
			sourceTree = "<group>";
		};
		F1515FE323C4F7210077CE47 /* StoreAppUITests */ = {
			isa = PBXGroup;
			children = (
				F1515FE423C4F7210077CE47 /* StoreAppUITests.swift */,
				F1515FE623C4F7210077CE47 /* Info.plist */,
			);
			path = StoreAppUITests;
			sourceTree = "<group>";
		};
/* End PBXGroup section */

/* Begin PBXNativeTarget section */
		F1515FBE23C4F71F0077CE47 /* StoreApp */ = {
			isa = PBXNativeTarget;
			buildConfigurationList = F1515FE923C4F7210077CE47 /* Build configuration list for PBXNativeTarget "StoreApp" */;
			buildPhases = (
				F1515FBB23C4F71F0077CE47 /* Sources */,
				F1515FBC23C4F71F0077CE47 /* Frameworks */,
				F1515FBD23C4F71F0077CE47 /* Resources */,
			);
			buildRules = (
			);
			dependencies = (
			);
			name = StoreApp;
			productName = StoreApp;
			productReference = F1515FBF23C4F71F0077CE47 /* StoreApp.app */;
			productType = "com.apple.product-type.application";
		};
		F1515FD423C4F7210077CE47 /* StoreAppTests */ = {
			isa = PBXNativeTarget;
			buildConfigurationList = F1515FEC23C4F7210077CE47 /* Build configuration list for PBXNativeTarget "StoreAppTests" */;
			buildPhases = (
				F1515FD123C4F7210077CE47 /* Sources */,
				F1515FD223C4F7210077CE47 /* Frameworks */,
				F1515FD323C4F7210077CE47 /* Resources */,
			);
			buildRules = (
			);
			dependencies = (
				F1515FD723C4F7210077CE47 /* PBXTargetDependency */,
			);
			name = StoreAppTests;
			productName = StoreAppTests;
			productReference = F1515FD523C4F7210077CE47 /* StoreAppTests.xctest */;
			productType = "com.apple.product-type.bundle.unit-test";
		};
		F1515FDF23C4F7210077CE47 /* StoreAppUITests */ = {
			isa = PBXNativeTarget;
			buildConfigurationList = F1515FEF23C4F7210077CE47 /* Build configuration list for PBXNativeTarget "StoreAppUITests" */;
			buildPhases = (
				F1515FDC23C4F7210077CE47 /* Sources */,
				F1515FDD23C4F7210077CE47 /* Frameworks */,
				F1515FDE23C4F7210077CE47 /* Resources */,
			);
			buildRules = (
			);
			dependencies = (
				F1515FE223C4F7210077CE47 /* PBXTargetDependency */,
			);
			name = StoreAppUITests;
			productName = StoreAppUITests;
			productReference = F1515FE023C4F7210077CE47 /* StoreAppUITests.xctest */;
			productType = "com.apple.product-type.bundle.ui-testing";
		};
/* End PBXNativeTarget section */

/* Begin PBXProject section */
		F1515FB723C4F71F0077CE47 /* Project object */ = {
			isa = PBXProject;
			attributes = {
				LastSwiftUpdateCheck = 1130;
				LastUpgradeCheck = 1130;
				ORGANIZATIONNAME = "Vinícius Schuck";
				TargetAttributes = {
					F1515FBE23C4F71F0077CE47 = {
						CreatedOnToolsVersion = 11.3;
					};
					F1515FD423C4F7210077CE47 = {
						CreatedOnToolsVersion = 11.3;
						TestTargetID = F1515FBE23C4F71F0077CE47;
					};
					F1515FDF23C4F7210077CE47 = {
						CreatedOnToolsVersion = 11.3;
						TestTargetID = F1515FBE23C4F71F0077CE47;
					};
				};
			};
			buildConfigurationList = F1515FBA23C4F71F0077CE47 /* Build configuration list for PBXProject "StoreApp" */;
			compatibilityVersion = "Xcode 9.3";
			developmentRegion = en;
			hasScannedForEncodings = 0;
			knownRegions = (
				en,
				Base,
			);
			mainGroup = F1515FB623C4F71F0077CE47;
			productRefGroup = F1515FC023C4F71F0077CE47 /* Products */;
			projectDirPath = "";
			projectRoot = "";
			targets = (
				F1515FBE23C4F71F0077CE47 /* StoreApp */,
				F1515FD423C4F7210077CE47 /* StoreAppTests */,
				F1515FDF23C4F7210077CE47 /* StoreAppUITests */,
			);
		};
/* End PBXProject section */

/* Begin PBXResourcesBuildPhase section */
		F1515FBD23C4F71F0077CE47 /* Resources */ = {
			isa = PBXResourcesBuildPhase;
			buildActionMask = 2147483647;
			files = (
				F1515FCF23C4F7210077CE47 /* LaunchScreen.storyboard in Resources */,
				F1515FCC23C4F7210077CE47 /* Preview Assets.xcassets in Resources */,
				F1515FC923C4F7210077CE47 /* Assets.xcassets in Resources */,
			);
			runOnlyForDeploymentPostprocessing = 0;
		};
		F1515FD323C4F7210077CE47 /* Resources */ = {
			isa = PBXResourcesBuildPhase;
			buildActionMask = 2147483647;
			files = (
			);
			runOnlyForDeploymentPostprocessing = 0;
		};
		F1515FDE23C4F7210077CE47 /* Resources */ = {
			isa = PBXResourcesBuildPhase;
			buildActionMask = 2147483647;
			files = (
			);
			runOnlyForDeploymentPostprocessing = 0;
		};
/* End PBXResourcesBuildPhase section */

/* Begin PBXSourcesBuildPhase section */
		F1515FBB23C4F71F0077CE47 /* Sources */ = {
			isa = PBXSourcesBuildPhase;
			buildActionMask = 2147483647;
			files = (
				F1515FC323C4F71F0077CE47 /* AppDelegate.swift in Sources */,
				F1515FC523C4F71F0077CE47 /* SceneDelegate.swift in Sources */,
				F1515FC723C4F71F0077CE47 /* ContentView.swift in Sources */,
			);
			runOnlyForDeploymentPostprocessing = 0;
		};
		F1515FD123C4F7210077CE47 /* Sources */ = {
			isa = PBXSourcesBuildPhase;
			buildActionMask = 2147483647;
			files = (
				F1515FDA23C4F7210077CE47 /* StoreAppTests.swift in Sources */,
			);
			runOnlyForDeploymentPostprocessing = 0;
		};
		F1515FDC23C4F7210077CE47 /* Sources */ = {
			isa = PBXSourcesBuildPhase;
			buildActionMask = 2147483647;
			files = (
				F1515FE523C4F7210077CE47 /* StoreAppUITests.swift in Sources */,
			);
			runOnlyForDeploymentPostprocessing = 0;
		};
/* End PBXSourcesBuildPhase section */

/* Begin PBXTargetDependency section */
		F1515FD723C4F7210077CE47 /* PBXTargetDependency */ = {
			isa = PBXTargetDependency;
			target = F1515FBE23C4F71F0077CE47 /* StoreApp */;
			targetProxy = F1515FD623C4F7210077CE47 /* PBXContainerItemProxy */;
		};
		F1515FE223C4F7210077CE47 /* PBXTargetDependency */ = {
			isa = PBXTargetDependency;
			target = F1515FBE23C4F71F0077CE47 /* StoreApp */;
			targetProxy = F1515FE123C4F7210077CE47 /* PBXContainerItemProxy */;
		};
/* End PBXTargetDependency section */

/* Begin PBXVariantGroup section */
		F1515FCD23C4F7210077CE47 /* LaunchScreen.storyboard */ = {
			isa = PBXVariantGroup;
			children = (
				F1515FCE23C4F7210077CE47 /* Base */,
			);
			name = LaunchScreen.storyboard;
			sourceTree = "<group>";
		};
/* End PBXVariantGroup section */

/* Begin XCBuildConfiguration section */
		F1515FE723C4F7210077CE47 /* Debug */ = {
			isa = XCBuildConfiguration;
			buildSettings = {
				ALWAYS_SEARCH_USER_PATHS = NO;
				CLANG_ANALYZER_NONNULL = YES;
				CLANG_ANALYZER_NUMBER_OBJECT_CONVERSION = YES_AGGRESSIVE;
				CLANG_CXX_LANGUAGE_STANDARD = "gnu++14";
				CLANG_CXX_LIBRARY = "libc++";
				CLANG_ENABLE_MODULES = YES;
				CLANG_ENABLE_OBJC_ARC = YES;
				CLANG_ENABLE_OBJC_WEAK = YES;
				CLANG_WARN_BLOCK_CAPTURE_AUTORELEASING = YES;
				CLANG_WARN_BOOL_CONVERSION = YES;
				CLANG_WARN_COMMA = YES;
				CLANG_WARN_CONSTANT_CONVERSION = YES;
				CLANG_WARN_DEPRECATED_OBJC_IMPLEMENTATIONS = YES;
				CLANG_WARN_DIRECT_OBJC_ISA_USAGE = YES_ERROR;
				CLANG_WARN_DOCUMENTATION_COMMENTS = YES;
				CLANG_WARN_EMPTY_BODY = YES;
				CLANG_WARN_ENUM_CONVERSION = YES;
				CLANG_WARN_INFINITE_RECURSION = YES;
				CLANG_WARN_INT_CONVERSION = YES;
				CLANG_WARN_NON_LITERAL_NULL_CONVERSION = YES;
				CLANG_WARN_OBJC_IMPLICIT_RETAIN_SELF = YES;
				CLANG_WARN_OBJC_LITERAL_CONVERSION = YES;
				CLANG_WARN_OBJC_ROOT_CLASS = YES_ERROR;
				CLANG_WARN_RANGE_LOOP_ANALYSIS = YES;
				CLANG_WARN_STRICT_PROTOTYPES = YES;
				CLANG_WARN_SUSPICIOUS_MOVE = YES;
				CLANG_WARN_UNGUARDED_AVAILABILITY = YES_AGGRESSIVE;
				CLANG_WARN_UNREACHABLE_CODE = YES;
				CLANG_WARN__DUPLICATE_METHOD_MATCH = YES;
				COPY_PHASE_STRIP = NO;
				DEBUG_INFORMATION_FORMAT = dwarf;
				ENABLE_STRICT_OBJC_MSGSEND = YES;
				ENABLE_TESTABILITY = YES;
				GCC_C_LANGUAGE_STANDARD = gnu11;
				GCC_DYNAMIC_NO_PIC = NO;
				GCC_NO_COMMON_BLOCKS = YES;
				GCC_OPTIMIZATION_LEVEL = 0;
				GCC_PREPROCESSOR_DEFINITIONS = (
					"DEBUG=1",
					"$(inherited)",
				);
				GCC_WARN_64_TO_32_BIT_CONVERSION = YES;
				GCC_WARN_ABOUT_RETURN_TYPE = YES_ERROR;
				GCC_WARN_UNDECLARED_SELECTOR = YES;
				GCC_WARN_UNINITIALIZED_AUTOS = YES_AGGRESSIVE;
				GCC_WARN_UNUSED_FUNCTION = YES;
				GCC_WARN_UNUSED_VARIABLE = YES;
				IPHONEOS_DEPLOYMENT_TARGET = 13.2;
				MTL_ENABLE_DEBUG_INFO = INCLUDE_SOURCE;
				MTL_FAST_MATH = YES;
				ONLY_ACTIVE_ARCH = YES;
				SDKROOT = iphoneos;
				SWIFT_ACTIVE_COMPILATION_CONDITIONS = DEBUG;
				SWIFT_OPTIMIZATION_LEVEL = "-Onone";
			};
			name = Debug;
		};
		F1515FE823C4F7210077CE47 /* Release */ = {
			isa = XCBuildConfiguration;
			buildSettings = {
				ALWAYS_SEARCH_USER_PATHS = NO;
				CLANG_ANALYZER_NONNULL = YES;
				CLANG_ANALYZER_NUMBER_OBJECT_CONVERSION = YES_AGGRESSIVE;
				CLANG_CXX_LANGUAGE_STANDARD = "gnu++14";
				CLANG_CXX_LIBRARY = "libc++";
				CLANG_ENABLE_MODULES = YES;
				CLANG_ENABLE_OBJC_ARC = YES;
				CLANG_ENABLE_OBJC_WEAK = YES;
				CLANG_WARN_BLOCK_CAPTURE_AUTORELEASING = YES;
				CLANG_WARN_BOOL_CONVERSION = YES;
				CLANG_WARN_COMMA = YES;
				CLANG_WARN_CONSTANT_CONVERSION = YES;
				CLANG_WARN_DEPRECATED_OBJC_IMPLEMENTATIONS = YES;
				CLANG_WARN_DIRECT_OBJC_ISA_USAGE = YES_ERROR;
				CLANG_WARN_DOCUMENTATION_COMMENTS = YES;
				CLANG_WARN_EMPTY_BODY = YES;
				CLANG_WARN_ENUM_CONVERSION = YES;
				CLANG_WARN_INFINITE_RECURSION = YES;
				CLANG_WARN_INT_CONVERSION = YES;
				CLANG_WARN_NON_LITERAL_NULL_CONVERSION = YES;
				CLANG_WARN_OBJC_IMPLICIT_RETAIN_SELF = YES;
				CLANG_WARN_OBJC_LITERAL_CONVERSION = YES;
				CLANG_WARN_OBJC_ROOT_CLASS = YES_ERROR;
				CLANG_WARN_RANGE_LOOP_ANALYSIS = YES;
				CLANG_WARN_STRICT_PROTOTYPES = YES;
				CLANG_WARN_SUSPICIOUS_MOVE = YES;
				CLANG_WARN_UNGUARDED_AVAILABILITY = YES_AGGRESSIVE;
				CLANG_WARN_UNREACHABLE_CODE = YES;
				CLANG_WARN__DUPLICATE_METHOD_MATCH = YES;
				COPY_PHASE_STRIP = NO;
				DEBUG_INFORMATION_FORMAT = "dwarf-with-dsym";
				ENABLE_NS_ASSERTIONS = NO;
				ENABLE_STRICT_OBJC_MSGSEND = YES;
				GCC_C_LANGUAGE_STANDARD = gnu11;
				GCC_NO_COMMON_BLOCKS = YES;
				GCC_WARN_64_TO_32_BIT_CONVERSION = YES;
				GCC_WARN_ABOUT_RETURN_TYPE = YES_ERROR;
				GCC_WARN_UNDECLARED_SELECTOR = YES;
				GCC_WARN_UNINITIALIZED_AUTOS = YES_AGGRESSIVE;
				GCC_WARN_UNUSED_FUNCTION = YES;
				GCC_WARN_UNUSED_VARIABLE = YES;
				IPHONEOS_DEPLOYMENT_TARGET = 13.2;
				MTL_ENABLE_DEBUG_INFO = NO;
				MTL_FAST_MATH = YES;
				SDKROOT = iphoneos;
				SWIFT_COMPILATION_MODE = wholemodule;
				SWIFT_OPTIMIZATION_LEVEL = "-O";
				VALIDATE_PRODUCT = YES;
			};
			name = Release;
		};
		F1515FEA23C4F7210077CE47 /* Debug */ = {
			isa = XCBuildConfiguration;
			buildSettings = {
				ASSETCATALOG_COMPILER_APPICON_NAME = AppIcon;
				CODE_SIGN_STYLE = Automatic;
				DEVELOPMENT_ASSET_PATHS = "\"StoreApp/Preview Content\"";
				ENABLE_PREVIEWS = YES;
				INFOPLIST_FILE = StoreApp/Info.plist;
				LD_RUNPATH_SEARCH_PATHS = (
					"$(inherited)",
					"@executable_path/Frameworks",
				);
				PRODUCT_BUNDLE_IDENTIFIER = com.developer.StoreApp;
				PRODUCT_NAME = "$(TARGET_NAME)";
				SWIFT_VERSION = 5.0;
				TARGETED_DEVICE_FAMILY = "1,2";
			};
			name = Debug;
		};
		F1515FEB23C4F7210077CE47 /* Release */ = {
			isa = XCBuildConfiguration;
			buildSettings = {
				ASSETCATALOG_COMPILER_APPICON_NAME = AppIcon;
				CODE_SIGN_STYLE = Automatic;
				DEVELOPMENT_ASSET_PATHS = "\"StoreApp/Preview Content\"";
				ENABLE_PREVIEWS = YES;
				INFOPLIST_FILE = StoreApp/Info.plist;
				LD_RUNPATH_SEARCH_PATHS = (
					"$(inherited)",
					"@executable_path/Frameworks",
				);
				PRODUCT_BUNDLE_IDENTIFIER = com.developer.StoreApp;
				PRODUCT_NAME = "$(TARGET_NAME)";
				SWIFT_VERSION = 5.0;
				TARGETED_DEVICE_FAMILY = "1,2";
			};
			name = Release;
		};
		F1515FED23C4F7210077CE47 /* Debug */ = {
			isa = XCBuildConfiguration;
			buildSettings = {
				ALWAYS_EMBED_SWIFT_STANDARD_LIBRARIES = YES;
				BUNDLE_LOADER = "$(TEST_HOST)";
				CODE_SIGN_STYLE = Automatic;
				INFOPLIST_FILE = StoreAppTests/Info.plist;
				IPHONEOS_DEPLOYMENT_TARGET = 13.2;
				LD_RUNPATH_SEARCH_PATHS = (
					"$(inherited)",
					"@executable_path/Frameworks",
					"@loader_path/Frameworks",
				);
				PRODUCT_BUNDLE_IDENTIFIER = com.developer.StoreAppTests;
				PRODUCT_NAME = "$(TARGET_NAME)";
				SWIFT_VERSION = 5.0;
				TARGETED_DEVICE_FAMILY = "1,2";
				TEST_HOST = "$(BUILT_PRODUCTS_DIR)/StoreApp.app/StoreApp";
			};
			name = Debug;
		};
		F1515FEE23C4F7210077CE47 /* Release */ = {
			isa = XCBuildConfiguration;
			buildSettings = {
				ALWAYS_EMBED_SWIFT_STANDARD_LIBRARIES = YES;
				BUNDLE_LOADER = "$(TEST_HOST)";
				CODE_SIGN_STYLE = Automatic;
				INFOPLIST_FILE = StoreAppTests/Info.plist;
				IPHONEOS_DEPLOYMENT_TARGET = 13.2;
				LD_RUNPATH_SEARCH_PATHS = (
					"$(inherited)",
					"@executable_path/Frameworks",
					"@loader_path/Frameworks",
				);
				PRODUCT_BUNDLE_IDENTIFIER = com.developer.StoreAppTests;
				PRODUCT_NAME = "$(TARGET_NAME)";
				SWIFT_VERSION = 5.0;
				TARGETED_DEVICE_FAMILY = "1,2";
				TEST_HOST = "$(BUILT_PRODUCTS_DIR)/StoreApp.app/StoreApp";
			};
			name = Release;
		};
		F1515FF023C4F7210077CE47 /* Debug */ = {
			isa = XCBuildConfiguration;
			buildSettings = {
				ALWAYS_EMBED_SWIFT_STANDARD_LIBRARIES = YES;
				CODE_SIGN_STYLE = Automatic;
				INFOPLIST_FILE = StoreAppUITests/Info.plist;
				LD_RUNPATH_SEARCH_PATHS = (
					"$(inherited)",
					"@executable_path/Frameworks",
					"@loader_path/Frameworks",
				);
				PRODUCT_BUNDLE_IDENTIFIER = com.developer.StoreAppUITests;
				PRODUCT_NAME = "$(TARGET_NAME)";
				SWIFT_VERSION = 5.0;
				TARGETED_DEVICE_FAMILY = "1,2";
				TEST_TARGET_NAME = StoreApp;
			};
			name = Debug;
		};
		F1515FF123C4F7210077CE47 /* Release */ = {
			isa = XCBuildConfiguration;
			buildSettings = {
				ALWAYS_EMBED_SWIFT_STANDARD_LIBRARIES = YES;
				CODE_SIGN_STYLE = Automatic;
				INFOPLIST_FILE = StoreAppUITests/Info.plist;
				LD_RUNPATH_SEARCH_PATHS = (
					"$(inherited)",
					"@executable_path/Frameworks",
					"@loader_path/Frameworks",
				);
				PRODUCT_BUNDLE_IDENTIFIER = com.developer.StoreAppUITests;
				PRODUCT_NAME = "$(TARGET_NAME)";
				SWIFT_VERSION = 5.0;
				TARGETED_DEVICE_FAMILY = "1,2";
				TEST_TARGET_NAME = StoreApp;
			};
			name = Release;
		};
/* End XCBuildConfiguration section */

/* Begin XCConfigurationList section */
		F1515FBA23C4F71F0077CE47 /* Build configuration list for PBXProject "StoreApp" */ = {
			isa = XCConfigurationList;
			buildConfigurations = (
				F1515FE723C4F7210077CE47 /* Debug */,
				F1515FE823C4F7210077CE47 /* Release */,
			);
			defaultConfigurationIsVisible = 0;
			defaultConfigurationName = Release;
		};
		F1515FE923C4F7210077CE47 /* Build configuration list for PBXNativeTarget "StoreApp" */ = {
			isa = XCConfigurationList;
			buildConfigurations = (
				F1515FEA23C4F7210077CE47 /* Debug */,
				F1515FEB23C4F7210077CE47 /* Release */,
			);
			defaultConfigurationIsVisible = 0;
			defaultConfigurationName = Release;
		};
		F1515FEC23C4F7210077CE47 /* Build configuration list for PBXNativeTarget "StoreAppTests" */ = {
			isa = XCConfigurationList;
			buildConfigurations = (
				F1515FED23C4F7210077CE47 /* Debug */,
				F1515FEE23C4F7210077CE47 /* Release */,
			);
			defaultConfigurationIsVisible = 0;
			defaultConfigurationName = Release;
		};
		F1515FEF23C4F7210077CE47 /* Build configuration list for PBXNativeTarget "StoreAppUITests" */ = {
			isa = XCConfigurationList;
			buildConfigurations = (
				F1515FF023C4F7210077CE47 /* Debug */,
				F1515FF123C4F7210077CE47 /* Release */,
			);
			defaultConfigurationIsVisible = 0;
			defaultConfigurationName = Release;
		};
/* End XCConfigurationList section */
	};
	rootObject = F1515FB723C4F71F0077CE47 /* Project object */;
}
